# THIS IS AN AUTOGENERATED FILE. DO NOT EDIT THIS FILE DIRECTLY.
# yarn lockfile v1


dom7@^2.0.6:
  version "2.0.7"
  resolved "https://registry.yarnpkg.com/dom7/-/dom7-2.0.7.tgz#43940bff361cc0e5f38c349b055fd60c10309b89"
  dependencies:
    ssr-window "^1.0.0"

object-assign@^4.1.1:
  version "4.1.1"
  resolved "https://registry.yarnpkg.com/object-assign/-/object-assign-4.1.1.tgz#2109adc7965887cfc05cbbd442cac8bfbb360863"

ssr-window@^1.0.0:
  version "1.0.0"
  resolved "https://registry.yarnpkg.com/ssr-window/-/ssr-window-1.0.0.tgz#8ed1b6beaa0a371ba7e74d6515d584c3f1cf973c"

swiper@^4.0.7:
  version "4.3.3"
  resolved "https://registry.yarnpkg.com/swiper/-/swiper-4.3.3.tgz#92e39c806ead23a18e5c3251dfba1ae9ce76270e"
  dependencies:
    dom7 "^2.0.6"
    ssr-window "^1.0.0"

vue-awesome-swiper@^3.1.3:
  version "3.1.3"
  resolved "https://registry.yarnpkg.com/vue-awesome-swiper/-/vue-awesome-swiper-3.1.3.tgz#05500b501ffb3fec9bf7eb9985bcf4ae8360ed9e"
  dependencies:
    object-assign "^4.1.1"
    swiper "^4.0.7"
